
Microsoft Visual Studio Solution File, Format Version 12.00
# Visual Studio Version 17
VisualStudioVersion = 17.12.35707.178
MinimumVisualStudioVersion = 10.0.40219.1
Project("{FAE04EC0-301F-11D3-BF4B-00C04F79EFBC}") = "HealthAssured.Checkout", "HealthAssured.Checkout\HealthAssured.Checkout.csproj", "{19D9041E-E789-4F69-A2F4-FA9C78AB8511}"
EndProject
Project("{FAE04EC0-301F-11D3-BF4B-00C04F79EFBC}") = "HealthAssured.Checkout.Tests", "HealthAssured.Checkout.Tests\HealthAssured.Checkout.Tests.csproj", "{5892DD89-A95D-4219-A9BB-95903DBD0809}"
EndProject
Global
	GlobalSection(SolutionConfigurationPlatforms) = preSolution
		Debug|Any CPU = Debug|Any CPU
		Release|Any CPU = Release|Any CPU
	EndGlobalSection
	GlobalSection(ProjectConfigurationPlatforms) = postSolution
		{19D9041E-E789-4F69-A2F4-FA9C78AB8511}.Debug|Any CPU.ActiveCfg = Debug|Any CPU
		{19D9041E-E789-4F69-A2F4-FA9C78AB8511}.Debug|Any CPU.Build.0 = Debug|Any CPU
		{19D9041E-E789-4F69-A2F4-FA9C78AB8511}.Release|Any CPU.ActiveCfg = Release|Any CPU
		{19D9041E-E789-4F69-A2F4-FA9C78AB8511}.Release|Any CPU.Build.0 = Release|Any CPU
		{5892DD89-A95D-4219-A9BB-95903DBD0809}.Debug|Any CPU.ActiveCfg = Debug|Any CPU
		{5892DD89-A95D-4219-A9BB-95903DBD0809}.Debug|Any CPU.Build.0 = Debug|Any CPU
		{5892DD89-A95D-4219-A9BB-95903DBD0809}.Release|Any CPU.ActiveCfg = Release|Any CPU
		{5892DD89-A95D-4219-A9BB-95903DBD0809}.Release|Any CPU.Build.0 = Release|Any CPU
	EndGlobalSection
	GlobalSection(SolutionProperties) = preSolution
		HideSolutionNode = FALSE
	EndGlobalSection
EndGlobal
